
Microsoft Visual Studio Solution File, Format Version 12.00
# Visual Studio Version 16
VisualStudioVersion = 16.0.30611.23
MinimumVisualStudioVersion = 10.0.40219.1
Project("{8BC9CEB8-8B4A-11D0-8D11-00A0C91BC942}") = "实验四", "实验四.vcxproj", "{7DE64DEE-10D8-4A72-8C21-88392EF0950B}"
EndProject
Global
	GlobalSection(SolutionConfigurationPlatforms) = preSolution
		Debug|x64 = Debug|x64
		Debug|x86 = Debug|x86
		Release|x64 = Release|x64
		Release|x86 = Release|x86
	EndGlobalSection
	GlobalSection(ProjectConfigurationPlatforms) = postSolution
		{7DE64DEE-10D8-4A72-8C21-88392EF0950B}.Debug|x64.ActiveCfg = Debug|x64
		{7DE64DEE-10D8-4A72-8C21-88392EF0950B}.Debug|x64.Build.0 = Debug|x64
		{7DE64DEE-10D8-4A72-8C21-88392EF0950B}.Debug|x86.ActiveCfg = Debug|Win32
		{7DE64DEE-10D8-4A72-8C21-88392EF0950B}.Debug|x86.Build.0 = Debug|Win32
		{7DE64DEE-10D8-4A72-8C21-88392EF0950B}.Release|x64.ActiveCfg = Release|x64
		{7DE64DEE-10D8-4A72-8C21-88392EF0950B}.Release|x64.Build.0 = Release|x64
		{7DE64DEE-10D8-4A72-8C21-88392EF0950B}.Release|x86.ActiveCfg = Release|Win32
		{7DE64DEE-10D8-4A72-8C21-88392EF0950B}.Release|x86.Build.0 = Release|Win32
	EndGlobalSection
	GlobalSection(SolutionProperties) = preSolution
		HideSolutionNode = FALSE
	EndGlobalSection
	GlobalSection(ExtensibilityGlobals) = postSolution
		SolutionGuid = {5AA813C7-9C0D-4BE7-9902-325E1202BA0A}
	EndGlobalSection
EndGlobal
